// !$*UTF8*$!
{
	archiveVersion = 1;
	classes = {
	};
	objectVersion = 77;
	objects = {

/* Begin PBXContainerItemProxy section */
		72D003AB2F7CF3B20008DD19 /* PBXContainerItemProxy */ = {
			isa = PBXContainerItemProxy;
			containerPortal = 72D003942F7CF3B00008DD19 /* Project object */;
			proxyType = 1;
			remoteGlobalIDString = 72D0039B2F7CF3B00008DD19;
			remoteInfo = VibingV;
		};
		72D003B52F7CF3B20008DD19 /* PBXContainerItemProxy */ = {
			isa = PBXContainerItemProxy;
			containerPortal = 72D003942F7CF3B00008DD19 /* Project object */;
			proxyType = 1;
			remoteGlobalIDString = 72D0039B2F7CF3B00008DD19;
			remoteInfo = VibingV;
		};
/* End PBXContainerItemProxy section */

/* Begin PBXFileReference section */
		72D0039C2F7CF3B00008DD19 /* VibingV.app */ = {isa = PBXFileReference; explicitFileType = wrapper.application; includeInIndex = 0; path = VibingV.app; sourceTree = BUILT_PRODUCTS_DIR; };
		72D003AA2F7CF3B20008DD19 /* VibingVTests.xctest */ = {isa = PBXFileReference; explicitFileType = wrapper.cfbundle; includeInIndex = 0; path = VibingVTests.xctest; sourceTree = BUILT_PRODUCTS_DIR; };
		72D003B42F7CF3B20008DD19 /* VibingVUITests.xctest */ = {isa = PBXFileReference; explicitFileType = wrapper.cfbundle; includeInIndex = 0; path = VibingVUITests.xctest; sourceTree = BUILT_PRODUCTS_DIR; };
/* End PBXFileReference section */

/* Begin PBXFileSystemSynchronizedRootGroup section */
		72D0039E2F7CF3B00008DD19 /* VibingV */ = {
			isa = PBXFileSystemSynchronizedRootGroup;
			path = VibingV;
			sourceTree = "<group>";
		};
		72D003AD2F7CF3B20008DD19 /* VibingVTests */ = {
			isa = PBXFileSystemSynchronizedRootGroup;
			path = VibingVTests;
			sourceTree = "<group>";
		};
		72D003B72F7CF3B20008DD19 /* VibingVUITests */ = {
			isa = PBXFileSystemSynchronizedRootGroup;
			path = VibingVUITests;
			sourceTree = "<group>";
		};
/* End PBXFileSystemSynchronizedRootGroup section */

/* Begin PBXFrameworksBuildPhase section */
		72D003992F7CF3B00008DD19 /* Frameworks */ = {
			isa = PBXFrameworksBuildPhase;
			buildActionMask = 2147483647;
			files = (
			);
			runOnlyForDeploymentPostprocessing = 0;
		};
		72D003A72F7CF3B20008DD19 /* Frameworks */ = {
			isa = PBXFrameworksBuildPhase;
			buildActionMask = 2147483647;
			files = (
			);
			runOnlyForDeploymentPostprocessing = 0;
		};
		72D003B12F7CF3B20008DD19 /* Frameworks */ = {
			isa = PBXFrameworksBuildPhase;
			buildActionMask = 2147483647;
			files = (
			);
			runOnlyForDeploymentPostprocessing = 0;
		};
/* End PBXFrameworksBuildPhase section */

/* Begin PBXGroup section */
		72D003932F7CF3B00008DD19 = {
			isa = PBXGroup;
			children = (
				72D0039E2F7CF3B00008DD19 /* VibingV */,
				72D003AD2F7CF3B20008DD19 /* VibingVTests */,
				72D003B72F7CF3B20008DD19 /* VibingVUITests */,
				72D0039D2F7CF3B00008DD19 /* Products */,
			);
			sourceTree = "<group>";
		};
		72D0039D2F7CF3B00008DD19 /* Products */ = {
			isa = PBXGroup;
			children = (
				72D0039C2F7CF3B00008DD19 /* VibingV.app */,
				72D003AA2F7CF3B20008DD19 /* VibingVTests.xctest */,
				72D003B42F7CF3B20008DD19 /* VibingVUITests.xctest */,
			);
			name = Products;
			sourceTree = "<group>";
		};
/* End PBXGroup section */

/* Begin PBXNativeTarget section */
		72D0039B2F7CF3B00008DD19 /* VibingV */ = {
			isa = PBXNativeTarget;
			buildConfigurationList = 72D003BE2F7CF3B20008DD19 /* Build configuration list for PBXNativeTarget "VibingV" */;
			buildPhases = (
				72D003982F7CF3B00008DD19 /* Sources */,
				72D003992F7CF3B00008DD19 /* Frameworks */,
				72D0039A2F7CF3B00008DD19 /* Resources */,
			);
			buildRules = (
			);
			dependencies = (
			);
			fileSystemSynchronizedGroups = (
				72D0039E2F7CF3B00008DD19 /* VibingV */,
			);
			name = VibingV;
			packageProductDependencies = (
			);
			productName = VibingV;
			productReference = 72D0039C2F7CF3B00008DD19 /* VibingV.app */;
			productType = "com.apple.product-type.application";
		};
		72D003A92F7CF3B20008DD19 /* VibingVTests */ = {
			isa = PBXNativeTarget;
			buildConfigurationList = 72D003C12F7CF3B20008DD19 /* Build configuration list for PBXNativeTarget "VibingVTests" */;
			buildPhases = (
				72D003A62F7CF3B20008DD19 /* Sources */,
				72D003A72F7CF3B20008DD19 /* Frameworks */,
				72D003A82F7CF3B20008DD19 /* Resources */,
			);
			buildRules = (
			);
			dependencies = (
				72D003AC2F7CF3B20008DD19 /* PBXTargetDependency */,
			);
			fileSystemSynchronizedGroups = (
				72D003AD2F7CF3B20008DD19 /* VibingVTests */,
			);
			name = VibingVTests;
			packageProductDependencies = (
			);
			productName = VibingVTests;
			productReference = 72D003AA2F7CF3B20008DD19 /* VibingVTests.xctest */;
			productType = "com.apple.product-type.bundle.unit-test";
		};
		72D003B32F7CF3B20008DD19 /* VibingVUITests */ = {
			isa = PBXNativeTarget;
			buildConfigurationList = 72D003C42F7CF3B20008DD19 /* Build configuration list for PBXNativeTarget "VibingVUITests" */;
			buildPhases = (
				72D003B02F7CF3B20008DD19 /* Sources */,
				72D003B12F7CF3B20008DD19 /* Frameworks */,
				72D003B22F7CF3B20008DD19 /* Resources */,
			);
			buildRules = (
			);
			dependencies = (
				72D003B62F7CF3B20008DD19 /* PBXTargetDependency */,
			);
			fileSystemSynchronizedGroups = (
				72D003B72F7CF3B20008DD19 /* VibingVUITests */,
			);
			name = VibingVUITests;
			packageProductDependencies = (
			);
			productName = VibingVUITests;
			productReference = 72D003B42F7CF3B20008DD19 /* VibingVUITests.xctest */;
			productType = "com.apple.product-type.bundle.ui-testing";
		};
/* End PBXNativeTarget section */

/* Begin PBXProject section */
		72D003942F7CF3B00008DD19 /* Project object */ = {
			isa = PBXProject;
			attributes = {
				BuildIndependentTargetsInParallel = 1;
				LastSwiftUpdateCheck = 1640;
				LastUpgradeCheck = 1640;
				TargetAttributes = {
					72D0039B2F7CF3B00008DD19 = {
						CreatedOnToolsVersion = 16.4;
					};
					72D003A92F7CF3B20008DD19 = {
						CreatedOnToolsVersion = 16.4;
						TestTargetID = 72D0039B2F7CF3B00008DD19;
					};
					72D003B32F7CF3B20008DD19 = {
						CreatedOnToolsVersion = 16.4;
						TestTargetID = 72D0039B2F7CF3B00008DD19;
					};
				};
			};
			buildConfigurationList = 72D003972F7CF3B00008DD19 /* Build configuration list for PBXProject "VibingV" */;
			developmentRegion = en;
			hasScannedForEncodings = 0;
			knownRegions = (
				en,
				Base,
			);
			mainGroup = 72D003932F7CF3B00008DD19;
			minimizedProjectReferenceProxies = 1;
			preferredProjectObjectVersion = 77;
			productRefGroup = 72D0039D2F7CF3B00008DD19 /* Products */;
			projectDirPath = "";
			projectRoot = "";
			targets = (
				72D0039B2F7CF3B00008DD19 /* VibingV */,
				72D003A92F7CF3B20008DD19 /* VibingVTests */,
				72D003B32F7CF3B20008DD19 /* VibingVUITests */,
			);
		};
/* End PBXProject section */

/* Begin PBXResourcesBuildPhase section */
		72D0039A2F7CF3B00008DD19 /* Resources */ = {
			isa = PBXResourcesBuildPhase;
			buildActionMask = 2147483647;
			files = (
			);
			runOnlyForDeploymentPostprocessing = 0;
		};
		72D003A82F7CF3B20008DD19 /* Resources */ = {
			isa = PBXResourcesBuildPhase;
			buildActionMask = 2147483647;
			files = (
			);
			runOnlyForDeploymentPostprocessing = 0;
		};
		72D003B22F7CF3B20008DD19 /* Resources */ = {
			isa = PBXResourcesBuildPhase;
			buildActionMask = 2147483647;
			files = (
			);
			runOnlyForDeploymentPostprocessing = 0;
		};
/* End PBXResourcesBuildPhase section */

/* Begin PBXSourcesBuildPhase section */
		72D003982F7CF3B00008DD19 /* Sources */ = {
			isa = PBXSourcesBuildPhase;
			buildActionMask = 2147483647;
			files = (
			);
			runOnlyForDeploymentPostprocessing = 0;
		};
		72D003A62F7CF3B20008DD19 /* Sources */ = {
			isa = PBXSourcesBuildPhase;
			buildActionMask = 2147483647;
			files = (
			);
			runOnlyForDeploymentPostprocessing = 0;
		};
		72D003B02F7CF3B20008DD19 /* Sources */ = {
			isa = PBXSourcesBuildPhase;
			buildActionMask = 2147483647;
			files = (
			);
			runOnlyForDeploymentPostprocessing = 0;
		};
/* End PBXSourcesBuildPhase section */

/* Begin PBXTargetDependency section */
		72D003AC2F7CF3B20008DD19 /* PBXTargetDependency */ = {
			isa = PBXTargetDependency;
			target = 72D0039B2F7CF3B00008DD19 /* VibingV */;
			targetProxy = 72D003AB2F7CF3B20008DD19 /* PBXContainerItemProxy */;
		};
		72D003B62F7CF3B20008DD19 /* PBXTargetDependency */ = {
			isa = PBXTargetDependency;
			target = 72D0039B2F7CF3B00008DD19 /* VibingV */;
			targetProxy = 72D003B52F7CF3B20008DD19 /* PBXContainerItemProxy */;
		};
/* End PBXTargetDependency section */

/* Begin XCBuildConfiguration section */
		72D003BC2F7CF3B20008DD19 /* Debug */ = {
			isa = XCBuildConfiguration;
			buildSettings = {
				ALWAYS_SEARCH_USER_PATHS = NO;
				ASSETCATALOG_COMPILER_GENERATE_SWIFT_ASSET_SYMBOL_EXTENSIONS = YES;
				CLANG_ANALYZER_NONNULL = YES;
				CLANG_ANALYZER_NUMBER_OBJECT_CONVERSION = YES_AGGRESSIVE;
				CLANG_CXX_LANGUAGE_STANDARD = "gnu++20";
				CLANG_ENABLE_MODULES = YES;
				CLANG_ENABLE_OBJC_ARC = YES;
				CLANG_ENABLE_OBJC_WEAK = YES;
				CLANG_WARN_BLOCK_CAPTURE_AUTORELEASING = YES;
				CLANG_WARN_BOOL_CONVERSION = YES;
				CLANG_WARN_COMMA = YES;
				CLANG_WARN_CONSTANT_CONVERSION = YES;
				CLANG_WARN_DEPRECATED_OBJC_IMPLEMENTATIONS = YES;
				CLANG_WARN_DIRECT_OBJC_ISA_USAGE = YES_ERROR;
				CLANG_WARN_DOCUMENTATION_COMMENTS = YES;
				CLANG_WARN_EMPTY_BODY = YES;
				CLANG_WARN_ENUM_CONVERSION = YES;
				CLANG_WARN_INFINITE_RECURSION = YES;
				CLANG_WARN_INT_CONVERSION = YES;
				CLANG_WARN_NON_LITERAL_NULL_CONVERSION = YES;
				CLANG_WARN_OBJC_IMPLICIT_RETAIN_SELF = YES;
				CLANG_WARN_OBJC_LITERAL_CONVERSION = YES;
				CLANG_WARN_OBJC_ROOT_CLASS = YES_ERROR;
				CLANG_WARN_QUOTED_INCLUDE_IN_FRAMEWORK_HEADER = YES;
				CLANG_WARN_RANGE_LOOP_ANALYSIS = YES;
				CLANG_WARN_STRICT_PROTOTYPES = YES;
				CLANG_WARN_SUSPICIOUS_MOVE = YES;
				CLANG_WARN_UNGUARDED_AVAILABILITY = YES_AGGRESSIVE;
				CLANG_WARN_UNREACHABLE_CODE = YES;
				CLANG_WARN__DUPLICATE_METHOD_MATCH = YES;
				COPY_PHASE_STRIP = NO;
				DEBUG_INFORMATION_FORMAT = dwarf;
				ENABLE_STRICT_OBJC_MSGSEND = YES;
				ENABLE_TESTABILITY = YES;
				ENABLE_USER_SCRIPT_SANDBOXING = YES;
				GCC_C_LANGUAGE_STANDARD = gnu17;
				GCC_DYNAMIC_NO_PIC = NO;
				GCC_NO_COMMON_BLOCKS = YES;
				GCC_OPTIMIZATION_LEVEL = 0;
				GCC_PREPROCESSOR_DEFINITIONS = (
					"DEBUG=1",
					"$(inherited)",
				);
				GCC_WARN_64_TO_32_BIT_CONVERSION = YES;
				GCC_WARN_ABOUT_RETURN_TYPE = YES_ERROR;
				GCC_WARN_UNDECLARED_SELECTOR = YES;
				GCC_WARN_UNINITIALIZED_AUTOS = YES_AGGRESSIVE;
				GCC_WARN_UNUSED_FUNCTION = YES;
				GCC_WARN_UNUSED_VARIABLE = YES;
				LOCALIZATION_PREFERS_STRING_CATALOGS = YES;
				MACOSX_DEPLOYMENT_TARGET = 15.5;
				MTL_ENABLE_DEBUG_INFO = INCLUDE_SOURCE;
				MTL_FAST_MATH = YES;
				ONLY_ACTIVE_ARCH = YES;
				SDKROOT = macosx;
				SWIFT_ACTIVE_COMPILATION_CONDITIONS = "DEBUG $(inherited)";
				SWIFT_OPTIMIZATION_LEVEL = "-Onone";
			};
			name = Debug;
		};
		72D003BD2F7CF3B20008DD19 /* Release */ = {
			isa = XCBuildConfiguration;
			buildSettings = {
				ALWAYS_SEARCH_USER_PATHS = NO;
				ASSETCATALOG_COMPILER_GENERATE_SWIFT_ASSET_SYMBOL_EXTENSIONS = YES;
				CLANG_ANALYZER_NONNULL = YES;
				CLANG_ANALYZER_NUMBER_OBJECT_CONVERSION = YES_AGGRESSIVE;
				CLANG_CXX_LANGUAGE_STANDARD = "gnu++20";
				CLANG_ENABLE_MODULES = YES;
				CLANG_ENABLE_OBJC_ARC = YES;
				CLANG_ENABLE_OBJC_WEAK = YES;
				CLANG_WARN_BLOCK_CAPTURE_AUTORELEASING = YES;
				CLANG_WARN_BOOL_CONVERSION = YES;
				CLANG_WARN_COMMA = YES;
				CLANG_WARN_CONSTANT_CONVERSION = YES;
				CLANG_WARN_DEPRECATED_OBJC_IMPLEMENTATIONS = YES;
				CLANG_WARN_DIRECT_OBJC_ISA_USAGE = YES_ERROR;
				CLANG_WARN_DOCUMENTATION_COMMENTS = YES;
				CLANG_WARN_EMPTY_BODY = YES;
				CLANG_WARN_ENUM_CONVERSION = YES;
				CLANG_WARN_INFINITE_RECURSION = YES;
				CLANG_WARN_INT_CONVERSION = YES;
				CLANG_WARN_NON_LITERAL_NULL_CONVERSION = YES;
				CLANG_WARN_OBJC_IMPLICIT_RETAIN_SELF = YES;
				CLANG_WARN_OBJC_LITERAL_CONVERSION = YES;
				CLANG_WARN_OBJC_ROOT_CLASS = YES_ERROR;
				CLANG_WARN_QUOTED_INCLUDE_IN_FRAMEWORK_HEADER = YES;
				CLANG_WARN_RANGE_LOOP_ANALYSIS = YES;
				CLANG_WARN_STRICT_PROTOTYPES = YES;
				CLANG_WARN_SUSPICIOUS_MOVE = YES;
				CLANG_WARN_UNGUARDED_AVAILABILITY = YES_AGGRESSIVE;
				CLANG_WARN_UNREACHABLE_CODE = YES;
				CLANG_WARN__DUPLICATE_METHOD_MATCH = YES;
				COPY_PHASE_STRIP = NO;
				DEBUG_INFORMATION_FORMAT = "dwarf-with-dsym";
				ENABLE_NS_ASSERTIONS = NO;
				ENABLE_STRICT_OBJC_MSGSEND = YES;
				ENABLE_USER_SCRIPT_SANDBOXING = YES;
				GCC_C_LANGUAGE_STANDARD = gnu17;
				GCC_NO_COMMON_BLOCKS = YES;
				GCC_WARN_64_TO_32_BIT_CONVERSION = YES;
				GCC_WARN_ABOUT_RETURN_TYPE = YES_ERROR;
				GCC_WARN_UNDECLARED_SELECTOR = YES;
				GCC_WARN_UNINITIALIZED_AUTOS = YES_AGGRESSIVE;
				GCC_WARN_UNUSED_FUNCTION = YES;
				GCC_WARN_UNUSED_VARIABLE = YES;
				LOCALIZATION_PREFERS_STRING_CATALOGS = YES;
				MACOSX_DEPLOYMENT_TARGET = 15.5;
				MTL_ENABLE_DEBUG_INFO = NO;
				MTL_FAST_MATH = YES;
				SDKROOT = macosx;
				SWIFT_COMPILATION_MODE = wholemodule;
			};
			name = Release;
		};
		72D003BF2F7CF3B20008DD19 /* Debug */ = {
			isa = XCBuildConfiguration;
			buildSettings = {
				ASSETCATALOG_COMPILER_APPICON_NAME = AppIcon;
				ASSETCATALOG_COMPILER_GLOBAL_ACCENT_COLOR_NAME = AccentColor;
				CODE_SIGN_ENTITLEMENTS = VibingV/VibingV.entitlements;
				"CODE_SIGN_IDENTITY[sdk=macosx*]" = "-";
				CODE_SIGN_STYLE = Automatic;
				COMBINE_HIDPI_IMAGES = YES;
				CURRENT_PROJECT_VERSION = 1;
				DEVELOPMENT_TEAM = "";
				ENABLE_PREVIEWS = YES;
				GENERATE_INFOPLIST_FILE = NO;
				INFOPLIST_FILE = VibingV/Info.plist;
				LD_RUNPATH_SEARCH_PATHS = (
					"$(inherited)",
					"@executable_path/../Frameworks",
				);
				MARKETING_VERSION = 1.0;
				PRODUCT_BUNDLE_IDENTIFIER = IOLOII.VibingV;
				PRODUCT_NAME = "$(TARGET_NAME)";
				REGISTER_APP_GROUPS = YES;
				SWIFT_EMIT_LOC_STRINGS = YES;
				SWIFT_VERSION = 5.0;
			};
			name = Debug;
		};
		72D003C02F7CF3B20008DD19 /* Release */ = {
			isa = XCBuildConfiguration;
			buildSettings = {
				ASSETCATALOG_COMPILER_APPICON_NAME = AppIcon;
				ASSETCATALOG_COMPILER_GLOBAL_ACCENT_COLOR_NAME = AccentColor;
				CODE_SIGN_ENTITLEMENTS = VibingV/VibingV.entitlements;
				"CODE_SIGN_IDENTITY[sdk=macosx*]" = "-";
				CODE_SIGN_STYLE = Automatic;
				COMBINE_HIDPI_IMAGES = YES;
				CURRENT_PROJECT_VERSION = 1;
				DEVELOPMENT_TEAM = "";
				ENABLE_PREVIEWS = YES;
				GENERATE_INFOPLIST_FILE = NO;
				INFOPLIST_FILE = VibingV/Info.plist;
				LD_RUNPATH_SEARCH_PATHS = (
					"$(inherited)",
					"@executable_path/../Frameworks",
				);
				MARKETING_VERSION = 1.0;
				PRODUCT_BUNDLE_IDENTIFIER = IOLOII.VibingV;
				PRODUCT_NAME = "$(TARGET_NAME)";
				REGISTER_APP_GROUPS = YES;
				SWIFT_EMIT_LOC_STRINGS = YES;
				SWIFT_VERSION = 5.0;
			};
			name = Release;
		};
		72D003C22F7CF3B20008DD19 /* Debug */ = {
			isa = XCBuildConfiguration;
			buildSettings = {
				BUNDLE_LOADER = "$(TEST_HOST)";
				CODE_SIGN_STYLE = Automatic;
				CURRENT_PROJECT_VERSION = 1;
				GENERATE_INFOPLIST_FILE = YES;
				MACOSX_DEPLOYMENT_TARGET = 15.5;
				MARKETING_VERSION = 1.0;
				PRODUCT_BUNDLE_IDENTIFIER = IOLOII.VibingVTests;
				PRODUCT_NAME = "$(TARGET_NAME)";
				SWIFT_EMIT_LOC_STRINGS = NO;
				SWIFT_VERSION = 5.0;
				TEST_HOST = "$(BUILT_PRODUCTS_DIR)/VibingV.app/$(BUNDLE_EXECUTABLE_FOLDER_PATH)/VibingV";
			};
			name = Debug;
		};
		72D003C32F7CF3B20008DD19 /* Release */ = {
			isa = XCBuildConfiguration;
			buildSettings = {
				BUNDLE_LOADER = "$(TEST_HOST)";
				CODE_SIGN_STYLE = Automatic;
				CURRENT_PROJECT_VERSION = 1;
				GENERATE_INFOPLIST_FILE = YES;
				MACOSX_DEPLOYMENT_TARGET = 15.5;
				MARKETING_VERSION = 1.0;
				PRODUCT_BUNDLE_IDENTIFIER = IOLOII.VibingVTests;
				PRODUCT_NAME = "$(TARGET_NAME)";
				SWIFT_EMIT_LOC_STRINGS = NO;
				SWIFT_VERSION = 5.0;
				TEST_HOST = "$(BUILT_PRODUCTS_DIR)/VibingV.app/$(BUNDLE_EXECUTABLE_FOLDER_PATH)/VibingV";
			};
			name = Release;
		};
		72D003C52F7CF3B20008DD19 /* Debug */ = {
			isa = XCBuildConfiguration;
			buildSettings = {
				CODE_SIGN_STYLE = Automatic;
				CURRENT_PROJECT_VERSION = 1;
				GENERATE_INFOPLIST_FILE = YES;
				MARKETING_VERSION = 1.0;
				PRODUCT_BUNDLE_IDENTIFIER = IOLOII.VibingVUITests;
				PRODUCT_NAME = "$(TARGET_NAME)";
				SWIFT_EMIT_LOC_STRINGS = NO;
				SWIFT_VERSION = 5.0;
				TEST_TARGET_NAME = VibingV;
			};
			name = Debug;
		};
		72D003C62F7CF3B20008DD19 /* Release */ = {
			isa = XCBuildConfiguration;
			buildSettings = {
				CODE_SIGN_STYLE = Automatic;
				CURRENT_PROJECT_VERSION = 1;
				GENERATE_INFOPLIST_FILE = YES;
				MARKETING_VERSION = 1.0;
				PRODUCT_BUNDLE_IDENTIFIER = IOLOII.VibingVUITests;
				PRODUCT_NAME = "$(TARGET_NAME)";
				SWIFT_EMIT_LOC_STRINGS = NO;
				SWIFT_VERSION = 5.0;
				TEST_TARGET_NAME = VibingV;
			};
			name = Release;
		};
/* End XCBuildConfiguration section */

/* Begin XCConfigurationList section */
		72D003972F7CF3B00008DD19 /* Build configuration list for PBXProject "VibingV" */ = {
			isa = XCConfigurationList;
			buildConfigurations = (
				72D003BC2F7CF3B20008DD19 /* Debug */,
				72D003BD2F7CF3B20008DD19 /* Release */,
			);
			defaultConfigurationIsVisible = 0;
			defaultConfigurationName = Release;
		};
		72D003BE2F7CF3B20008DD19 /* Build configuration list for PBXNativeTarget "VibingV" */ = {
			isa = XCConfigurationList;
			buildConfigurations = (
				72D003BF2F7CF3B20008DD19 /* Debug */,
				72D003C02F7CF3B20008DD19 /* Release */,
			);
			defaultConfigurationIsVisible = 0;
			defaultConfigurationName = Release;
		};
		72D003C12F7CF3B20008DD19 /* Build configuration list for PBXNativeTarget "VibingVTests" */ = {
			isa = XCConfigurationList;
			buildConfigurations = (
				72D003C22F7CF3B20008DD19 /* Debug */,
				72D003C32F7CF3B20008DD19 /* Release */,
			);
			defaultConfigurationIsVisible = 0;
			defaultConfigurationName = Release;
		};
		72D003C42F7CF3B20008DD19 /* Build configuration list for PBXNativeTarget "VibingVUITests" */ = {
			isa = XCConfigurationList;
			buildConfigurations = (
				72D003C52F7CF3B20008DD19 /* Debug */,
				72D003C62F7CF3B20008DD19 /* Release */,
			);
			defaultConfigurationIsVisible = 0;
			defaultConfigurationName = Release;
		};
/* End XCConfigurationList section */
	};
	rootObject = 72D003942F7CF3B00008DD19 /* Project object */;
}
